
Microsoft Visual Studio Solution File, Format Version 12.00
# Visual Studio Version 17
VisualStudioVersion = 17.14.36414.22
MinimumVisualStudioVersion = 10.0.40219.1
Project("{FAE04EC0-301F-11D3-BF4B-00C04F79EFBC}") = "PDFEditor", "PDFEditor\PDFEditor.csproj", "{7FA9DB42-6273-49AC-8B30-E8CA3CB272BB}"
EndProject
Global
	GlobalSection(SolutionConfigurationPlatforms) = preSolution
		Debug|Any CPU = Debug|Any CPU
		Release|Any CPU = Release|Any CPU
	EndGlobalSection
	GlobalSection(ProjectConfigurationPlatforms) = postSolution
		{7FA9DB42-6273-49AC-8B30-E8CA3CB272BB}.Debug|Any CPU.ActiveCfg = Debug|Any CPU
		{7FA9DB42-6273-49AC-8B30-E8CA3CB272BB}.Debug|Any CPU.Build.0 = Debug|Any CPU
		{7FA9DB42-6273-49AC-8B30-E8CA3CB272BB}.Release|Any CPU.ActiveCfg = Release|Any CPU
		{7FA9DB42-6273-49AC-8B30-E8CA3CB272BB}.Release|Any CPU.Build.0 = Release|Any CPU
	EndGlobalSection
	GlobalSection(SolutionProperties) = preSolution
		HideSolutionNode = FALSE
	EndGlobalSection
	GlobalSection(ExtensibilityGlobals) = postSolution
		SolutionGuid = {E49AEE78-1BFD-4D2E-91E0-1582A8EB47F1}
	EndGlobalSection
EndGlobal
